
Microsoft Visual Studio Solution File, Format Version 12.00
# Visual Studio Version 17
VisualStudioVersion = 17.9.34728.123
MinimumVisualStudioVersion = 10.0.40219.1
Project("{FAE04EC0-301F-11D3-BF4B-00C04F79EFBC}") = "BD10_DichVuPhongTro", "BD10_DichVuPhongTro.csproj", "{6C8522E0-6A1B-467F-8FC7-8775A96BA441}"
EndProject
Project("{2150E333-8FDC-42A3-9474-1A3956D46DE8}") = "Solution Items", "Solution Items", "{44BAD02E-2271-4F17-A21B-6858B29E036B}"
EndProject
Global
	GlobalSection(SolutionConfigurationPlatforms) = preSolution
		Debug|Any CPU = Debug|Any CPU
		Release|Any CPU = Release|Any CPU
	EndGlobalSection
	GlobalSection(ProjectConfigurationPlatforms) = postSolution
		{6C8522E0-6A1B-467F-8FC7-8775A96BA441}.Debug|Any CPU.ActiveCfg = Debug|Any CPU
		{6C8522E0-6A1B-467F-8FC7-8775A96BA441}.Debug|Any CPU.Build.0 = Debug|Any CPU
		{6C8522E0-6A1B-467F-8FC7-8775A96BA441}.Release|Any CPU.ActiveCfg = Release|Any CPU
		{6C8522E0-6A1B-467F-8FC7-8775A96BA441}.Release|Any CPU.Build.0 = Release|Any CPU
	EndGlobalSection
	GlobalSection(SolutionProperties) = preSolution
		HideSolutionNode = FALSE
	EndGlobalSection
	GlobalSection(ExtensibilityGlobals) = postSolution
		SolutionGuid = {633D2144-D795-46EC-BF43-8386798725B7}
	EndGlobalSection
EndGlobal
